
Microsoft Visual Studio Solution File, Format Version 12.00
# Visual Studio Version 16
VisualStudioVersion = 16.0.30907.101
MinimumVisualStudioVersion = 10.0.40219.1
Project("{FAE04EC0-301F-11D3-BF4B-00C04F79EFBC}") = "Laba3_OOP", "Laba3_OOP\Laba3_OOP.csproj", "{2744E8B7-1E8A-4179-B0F9-AD25E8AFA5CD}"
EndProject
Project("{FAE04EC0-301F-11D3-BF4B-00C04F79EFBC}") = "Library_OOP_3", "Library_OOP_3\Library_OOP_3.csproj", "{EF1F7876-897C-4E95-BB16-F192879471B7}"
EndProject
Global
	GlobalSection(SolutionConfigurationPlatforms) = preSolution
		Debug|Any CPU = Debug|Any CPU
		Release|Any CPU = Release|Any CPU
	EndGlobalSection
	GlobalSection(ProjectConfigurationPlatforms) = postSolution
		{2744E8B7-1E8A-4179-B0F9-AD25E8AFA5CD}.Debug|Any CPU.ActiveCfg = Debug|Any CPU
		{2744E8B7-1E8A-4179-B0F9-AD25E8AFA5CD}.Debug|Any CPU.Build.0 = Debug|Any CPU
		{2744E8B7-1E8A-4179-B0F9-AD25E8AFA5CD}.Release|Any CPU.ActiveCfg = Release|Any CPU
		{2744E8B7-1E8A-4179-B0F9-AD25E8AFA5CD}.Release|Any CPU.Build.0 = Release|Any CPU
		{EF1F7876-897C-4E95-BB16-F192879471B7}.Debug|Any CPU.ActiveCfg = Debug|Any CPU
		{EF1F7876-897C-4E95-BB16-F192879471B7}.Debug|Any CPU.Build.0 = Debug|Any CPU
		{EF1F7876-897C-4E95-BB16-F192879471B7}.Release|Any CPU.ActiveCfg = Release|Any CPU
		{EF1F7876-897C-4E95-BB16-F192879471B7}.Release|Any CPU.Build.0 = Release|Any CPU
	EndGlobalSection
	GlobalSection(SolutionProperties) = preSolution
		HideSolutionNode = FALSE
	EndGlobalSection
	GlobalSection(ExtensibilityGlobals) = postSolution
		SolutionGuid = {5F9D4621-0350-464B-8FD9-D642BFE5E3A4}
	EndGlobalSection
EndGlobal
